
Microsoft Visual Studio Solution File, Format Version 12.00
# Visual Studio 15
VisualStudioVersion = 15.0.27428.2037
MinimumVisualStudioVersion = 10.0.40219.1
Project("{888888A0-9F3D-457C-B088-3A5042F75D52}") = "Src", "Src.pyproj", "{0142B365-8A62-4BFC-857F-E2E53743FE6E}"
EndProject
Global
	GlobalSection(SolutionConfigurationPlatforms) = preSolution
		Debug|Any CPU = Debug|Any CPU
		Release|Any CPU = Release|Any CPU
	EndGlobalSection
	GlobalSection(ProjectConfigurationPlatforms) = postSolution
		{0142B365-8A62-4BFC-857F-E2E53743FE6E}.Debug|Any CPU.ActiveCfg = Debug|Any CPU
		{0142B365-8A62-4BFC-857F-E2E53743FE6E}.Release|Any CPU.ActiveCfg = Release|Any CPU
	EndGlobalSection
	GlobalSection(SolutionProperties) = preSolution
		HideSolutionNode = FALSE
	EndGlobalSection
	GlobalSection(ExtensibilityGlobals) = postSolution
		SolutionGuid = {37E0BD1C-5C9A-425D-AF9E-B929BFB286FC}
	EndGlobalSection
EndGlobal
